
Microsoft Visual Studio Solution File, Format Version 12.00
# Visual Studio Version 16
VisualStudioVersion = 16.0.29806.167
MinimumVisualStudioVersion = 10.0.40219.1
Project("{FAE04EC0-301F-11D3-BF4B-00C04F79EFBC}") = "laba10_1", "laba10_1\laba10_1.csproj", "{AF8CB388-22F2-476B-90B5-F03202941D8A}"
EndProject
Global
	GlobalSection(SolutionConfigurationPlatforms) = preSolution
		Debug|Any CPU = Debug|Any CPU
		Release|Any CPU = Release|Any CPU
	EndGlobalSection
	GlobalSection(ProjectConfigurationPlatforms) = postSolution
		{AF8CB388-22F2-476B-90B5-F03202941D8A}.Debug|Any CPU.ActiveCfg = Debug|Any CPU
		{AF8CB388-22F2-476B-90B5-F03202941D8A}.Debug|Any CPU.Build.0 = Debug|Any CPU
		{AF8CB388-22F2-476B-90B5-F03202941D8A}.Release|Any CPU.ActiveCfg = Release|Any CPU
		{AF8CB388-22F2-476B-90B5-F03202941D8A}.Release|Any CPU.Build.0 = Release|Any CPU
	EndGlobalSection
	GlobalSection(SolutionProperties) = preSolution
		HideSolutionNode = FALSE
	EndGlobalSection
	GlobalSection(ExtensibilityGlobals) = postSolution
		SolutionGuid = {AA596C15-5217-4818-8B2F-1E7CC406D208}
	EndGlobalSection
EndGlobal
