
Microsoft Visual Studio Solution File, Format Version 12.00
# Visual Studio Version 16
VisualStudioVersion = 16.0.29806.167
MinimumVisualStudioVersion = 10.0.40219.1
Project("{FAE04EC0-301F-11D3-BF4B-00C04F79EFBC}") = "lsba10_2", "lsba10_2\lsba10_2.csproj", "{99D8252F-60D4-4CCB-A737-DE1C3D8C3884}"
EndProject
Global
	GlobalSection(SolutionConfigurationPlatforms) = preSolution
		Debug|Any CPU = Debug|Any CPU
		Release|Any CPU = Release|Any CPU
	EndGlobalSection
	GlobalSection(ProjectConfigurationPlatforms) = postSolution
		{99D8252F-60D4-4CCB-A737-DE1C3D8C3884}.Debug|Any CPU.ActiveCfg = Debug|Any CPU
		{99D8252F-60D4-4CCB-A737-DE1C3D8C3884}.Debug|Any CPU.Build.0 = Debug|Any CPU
		{99D8252F-60D4-4CCB-A737-DE1C3D8C3884}.Release|Any CPU.ActiveCfg = Release|Any CPU
		{99D8252F-60D4-4CCB-A737-DE1C3D8C3884}.Release|Any CPU.Build.0 = Release|Any CPU
	EndGlobalSection
	GlobalSection(SolutionProperties) = preSolution
		HideSolutionNode = FALSE
	EndGlobalSection
	GlobalSection(ExtensibilityGlobals) = postSolution
		SolutionGuid = {7E9B01F2-F89B-48A3-AF3F-BCEEB24AE059}
	EndGlobalSection
EndGlobal
